lockfileVersion: '9.0'

settings:
  autoInstallPeers: true
  excludeLinksFromLockfile: false

importers:

  .:
    devDependencies:
      '@types/node':
        specifier: ^25.0.8
        version: 25.0.8

packages:

  '@types/node@25.0.8':
    resolution: {integrity: sha512-powIePYMmC3ibL0UJ2i2s0WIbq6cg6UyVFQxSCpaPxxzAaziRfimGivjdF943sSGV6RADVbk0Nvlm5P/FB44Zg==}

  undici-types@7.16.0:
    resolution: {integrity: sha512-Zz+aZWSj8LE6zoxD+xrjh4VfkIG8Ya6LvYkZqtUQGJPZjYl53ypCaUwWqo7eI0x66KBGeRo+mlBEkMSeSZ38Nw==}

snapshots:

  '@types/node@25.0.8':
    dependencies:
      undici-types: 7.16.0

  undici-types@7.16.0: {}
